
Microsoft Visual Studio Solution File, Format Version 12.00
# Visual Studio 15
Project("{FAE04EC0-301F-11D3-BF4B-00C04F79EFBC}") = "PankiFoodWebForms", "PankiFoodWebForms\PankiFoodWebForms.csproj", "{72275F92-E8E5-4122-887F-13E8AD892921}"
EndProject
Project("{FAE04EC0-301F-11D3-BF4B-00C04F79EFBC}") = "PankiFoodWebForms.Tests", "PankiFoodWebForms.Tests\PankiFoodWebForms.Tests.csproj", "{6263E944-92F1-4D00-AD5E-644481D39077}"
EndProject
Global
	GlobalSection(SolutionConfigurationPlatforms) = preSolution
		Debug|Any CPU = Debug|Any CPU
		Release|Any CPU = Release|Any CPU
	EndGlobalSection
	GlobalSection(ProjectConfigurationPlatforms) = postSolution
		{72275F92-E8E5-4122-887F-13E8AD892921}.Debug|Any CPU.ActiveCfg = Debug|Any CPU
		{72275F92-E8E5-4122-887F-13E8AD892921}.Debug|Any CPU.Build.0 = Debug|Any CPU
		{72275F92-E8E5-4122-887F-13E8AD892921}.Release|Any CPU.ActiveCfg = Release|Any CPU
		{72275F92-E8E5-4122-887F-13E8AD892921}.Release|Any CPU.Build.0 = Release|Any CPU
		{6263E944-92F1-4D00-AD5E-644481D39077}.Debug|Any CPU.ActiveCfg = Debug|Any CPU
		{6263E944-92F1-4D00-AD5E-644481D39077}.Debug|Any CPU.Build.0 = Debug|Any CPU
		{6263E944-92F1-4D00-AD5E-644481D39077}.Release|Any CPU.ActiveCfg = Release|Any CPU
		{6263E944-92F1-4D00-AD5E-644481D39077}.Release|Any CPU.Build.0 = Release|Any CPU
	EndGlobalSection
EndGlobal
